{
    "_readme": [
        "This file locks the dependencies of your project to a known state",
        "Read more about it at https://getcomposer.org/doc/01-basic-usage.md#installing-dependencies",
        "This file is @generated automatically"
    ],
    "content-hash": "44db1c6e2c0c587e62c0e64091022b6e",
    "packages": [
        {
            "name": "graham-campbell/result-type",
            "version": "v1.2.0",
            "source": {
                "type": "git",
                "url": "https://github.com/GrahamCampbell/Result-Type.git",
                "reference": "adccca3324eece92ca35463648c12b9e6293c05b"
            },
            "dist": {
                "type": "zip",
                "url": "https://api.github.com/repos/GrahamCampbell/Result-Type/zipball/adccca3324eece92ca35463648c12b9e6293c05b",
                "reference": "adccca3324eece92ca35463648c12b9e6293c05b",
                "shasum": ""
            },
            "require": {
                "php": "^7.2.5 || ^8.0",
                "phpoption/phpoption": "^1.10"
            },
            "require-dev": {
                "phpunit/phpunit": "^8.5.52 || ^9.6.34 || ^10.5.63 || ^11.5.55 || ^12.5.14"
            },
            "type": "library",
            "autoload": {
                "psr-4": {
                    "GrahamCampbell\\ResultType\\": "src/"
                }
            },
            "notification-url": "https://packagist.org/downloads/",
            "license": [
                "MIT"
            ],
            "authors": [
                {
                    "name": "Graham Campbell",
                    "email": "hello@gjcampbell.co.uk",
                    "homepage": "https://github.com/GrahamCampbell"
                }
            ],
            "description": "An Implementation Of The Result Type",
            "keywords": [
                "Graham Campbell",
                "GrahamCampbell",
                "Result Type",
                "Result-Type",
                "result"
            ],
            "support": {
                "issues": "https://github.com/GrahamCampbell/Result-Type/issues",
                "source": "https://github.com/GrahamCampbell/Result-Type/tree/v1.2.0"
            },
            "funding": [
                {
                    "url": "https://github.com/GrahamCampbell",
                    "type": "github"
                },
                {
                    "url": "https://tidelift.com/funding/github/packagist/graham-campbell/result-type",
                    "type": "tidelift"
                }
            ],
            "time": "2026-08-24T09:06:52+00:00"
        },
        {
            "name": "php-ds/php-ds",
            "version": "v1.8.0",
            "source": {
                "type": "git",
                "url": "https://github.com/php-ds/polyfill.git",
                "reference": "2e1c133b99aaa1a5fa2318257a6e2501b9082b55"
            },
            "dist": {
                "type": "zip",
                "url": "https://api.github.com/repos/php-ds/polyfill/zipball/2e1c133b99aaa1a5fa2318257a6e2501b9082b55",
                "reference": "2e1c133b99aaa1a5fa2318257a6e2501b9082b55",
                "shasum": ""
            },
            "require": {
                "php": ">=8.2"
            },
            "provide": {
                "ext-ds": "1.5.0"
            },
            "require-dev": {
                "php-ds/tests": "^1.8"
            },
            "suggest": {
                "ext-ds": "to improve performance and reduce memory usage"
            },
            "type": "library",
            "autoload": {
                "psr-4": {
                    "Ds\\": "src"
                }
            },
            "notification-url": "https://packagist.org/downloads/",
            "license": [
                "MIT"
            ],
            "authors": [
                {
                    "name": "Rudi Theunissen",
                    "email": "rudolf.theunissen@gmail.com"
                }
            ],
            "description": "Specialized data structures as alternatives to the PHP array",
            "keywords": [
                "data structures",
                "ds",
                "php",
                "polyfill"
            ],
            "support": {
                "issues": "https://github.com/php-ds/polyfill/issues",
                "source": "https://github.com/php-ds/polyfill/tree/v1.8.0"
            },
            "time": "2026-04-10T23:35:50+00:00"
        },
        {
            "name": "phpmailer/phpmailer",
            "version": "v7.1.1",
            "source": {
                "type": "git",
                "url": "https://github.com/PHPMailer/PHPMailer.git",
                "reference": "1bc1716a507a65e039d4ac9d9adebbbd0d346e15"
            },
            "dist": {
                "type": "zip",
                "url": "https://api.github.com/repos/PHPMailer/PHPMailer/zipball/1bc1716a507a65e039d4ac9d9adebbbd0d346e15",
                "reference": "1bc1716a507a65e039d4ac9d9adebbbd0d346e15",
                "shasum": ""
            },
            "require": {
                "ext-ctype": "*",
                "ext-filter": "*",
                "ext-hash": "*",
                "php": ">=5.5.0"
            },
            "require-dev": {
                "dealerdirect/phpcodesniffer-composer-installer": "^1.0",
                "doctrine/annotations": "^1.2.6 || ^1.13.3",
                "php-parallel-lint/php-console-highlighter": "^1.0.0",
                "php-parallel-lint/php-parallel-lint": "^1.3.2",
                "phpcompatibility/php-compatibility": "^10.0.0@dev",
                "squizlabs/php_codesniffer": "^3.13.5",
                "yoast/phpunit-polyfills": "^1.0.4"
            },
            "suggest": {
                "decomplexity/SendOauth2": "Adapter for using XOAUTH2 authentication",
                "directorytree/imapengine": "For uploading sent messages via IMAP, see gmail example",
                "ext-imap": "Needed to support advanced email address parsing according to RFC822",
                "ext-mbstring": "Needed to send email in multibyte encoding charset or decode encoded addresses",
                "ext-openssl": "Needed for secure SMTP sending and DKIM signing",
                "greew/oauth2-azure-provider": "Needed for Microsoft Azure XOAUTH2 authentication",
                "hayageek/oauth2-yahoo": "Needed for Yahoo XOAUTH2 authentication",
                "league/oauth2-google": "Needed for Google XOAUTH2 authentication",
                "psr/log": "For optional PSR-3 debug logging",
                "symfony/polyfill-mbstring": "To support UTF-8 if the Mbstring PHP extension is not enabled (^1.2)",
                "thenetworg/oauth2-azure": "Needed for Microsoft XOAUTH2 authentication"
            },
            "type": "library",
            "autoload": {
                "psr-4": {
                    "PHPMailer\\PHPMailer\\": "src/"
                }
            },
            "notification-url": "https://packagist.org/downloads/",
            "license": [
                "LGPL-2.1-only"
            ],
            "authors": [
                {
                    "name": "Marcus Bointon",
                    "email": "phpmailer@synchromedia.co.uk"
                },
                {
                    "name": "Jim Jagielski",
                    "email": "jimjag@gmail.com"
                },
                {
                    "name": "Andy Prevost",
                    "email": "codeworxtech@users.sourceforge.net"
                },
                {
                    "name": "Brent R. Matzelle"
                }
            ],
            "description": "PHPMailer is a full-featured email creation and transfer class for PHP",
            "support": {
                "issues": "https://github.com/PHPMailer/PHPMailer/issues",
                "source": "https://github.com/PHPMailer/PHPMailer/tree/v7.1.1"
            },
            "funding": [
                {
                    "url": "https://github.com/Synchro",
                    "type": "github"
                }
            ],
            "time": "2026-05-18T08:06:14+00:00"
        },
        {
            "name": "phpoption/phpoption",
            "version": "1.10.0",
            "source": {
                "type": "git",
                "url": "https://github.com/schmittjoh/php-option.git",
                "reference": "67b192b6a42ec03944b972d6e633ddec78ad2c6d"
            },
            "dist": {
                "type": "zip",
                "url": "https://api.github.com/repos/schmittjoh/php-option/zipball/67b192b6a42ec03944b972d6e633ddec78ad2c6d",
                "reference": "67b192b6a42ec03944b972d6e633ddec78ad2c6d",
                "shasum": ""
            },
            "require": {
                "php": "^7.2.5 || ^8.0"
            },
            "require-dev": {
                "bamarni/composer-bin-plugin": "^1.8.2",
                "phpunit/phpunit": "^8.5.54 || ^9.6.36 || ^10.5.64 || ^11.5.56 || ^12.5.33"
            },
            "type": "library",
            "extra": {
                "bamarni-bin": {
                    "bin-links": true,
                    "forward-command": false
                },
                "branch-alias": {
                    "dev-master": "1.9-dev"
                }
            },
            "autoload": {
                "psr-4": {
                    "PhpOption\\": "src/PhpOption/"
                }
            },
            "notification-url": "https://packagist.org/downloads/",
            "license": [
                "Apache-2.0"
            ],
            "authors": [
                {
                    "name": "Johannes M. Schmitt",
                    "email": "schmittjoh@gmail.com",
                    "homepage": "https://github.com/schmittjoh"
                },
                {
                    "name": "Graham Campbell",
                    "email": "hello@gjcampbell.co.uk",
                    "homepage": "https://github.com/GrahamCampbell"
                }
            ],
            "description": "Option Type for PHP",
            "keywords": [
                "language",
                "option",
                "php",
                "type"
            ],
            "support": {
                "issues": "https://github.com/schmittjoh/php-option/issues",
                "source": "https://github.com/schmittjoh/php-option/tree/1.10.0"
            },
            "funding": [
                {
                    "url": "https://github.com/GrahamCampbell",
                    "type": "github"
                },
                {
                    "url": "https://tidelift.com/funding/github/packagist/phpoption/phpoption",
                    "type": "tidelift"
                }
            ],
            "time": "2026-08-24T00:54:40+00:00"
        },
        {
            "name": "psr/log",
            "version": "3.0.2",
            "source": {
                "type": "git",
                "url": "https://github.com/php-fig/log.git",
                "reference": "f16e1d5863e37f8d8c2a01719f5b34baa2b714d3"
            },
            "dist": {
                "type": "zip",
                "url": "https://api.github.com/repos/php-fig/log/zipball/f16e1d5863e37f8d8c2a01719f5b34baa2b714d3",
                "reference": "f16e1d5863e37f8d8c2a01719f5b34baa2b714d3",
                "shasum": ""
            },
            "require": {
                "php": ">=8.0.0"
            },
            "type": "library",
            "extra": {
                "branch-alias": {
                    "dev-master": "3.x-dev"
                }
            },
            "autoload": {
                "psr-4": {
                    "Psr\\Log\\": "src"
                }
            },
            "notification-url": "https://packagist.org/downloads/",
            "license": [
                "MIT"
            ],
            "authors": [
                {
                    "name": "PHP-FIG",
                    "homepage": "https://www.php-fig.org/"
                }
            ],
            "description": "Common interface for logging libraries",
            "homepage": "https://github.com/php-fig/log",
            "keywords": [
                "log",
                "psr",
                "psr-3"
            ],
            "support": {
                "source": "https://github.com/php-fig/log/tree/3.0.2"
            },
            "time": "2024-09-11T13:17:53+00:00"
        },
        {
            "name": "symfony/polyfill-ctype",
            "version": "v1.37.0",
            "source": {
                "type": "git",
                "url": "https://github.com/symfony/polyfill-ctype.git",
                "reference": "141046a8f9477948ff284fa65be2095baafb94f2"
            },
            "dist": {
                "type": "zip",
                "url": "https://api.github.com/repos/symfony/polyfill-ctype/zipball/141046a8f9477948ff284fa65be2095baafb94f2",
                "reference": "141046a8f9477948ff284fa65be2095baafb94f2",
                "shasum": ""
            },
            "require": {
                "php": ">=7.2"
            },
            "provide": {
                "ext-ctype": "*"
            },
            "suggest": {
                "ext-ctype": "For best performance"
            },
            "type": "library",
            "extra": {
                "thanks": {
                    "url": "https://github.com/symfony/polyfill",
                    "name": "symfony/polyfill"
                }
            },
            "autoload": {
                "files": [
                    "bootstrap.php"
                ],
                "psr-4": {
                    "Symfony\\Polyfill\\Ctype\\": ""
                }
            },
            "notification-url": "https://packagist.org/downloads/",
            "license": [
                "MIT"
            ],
            "authors": [
                {
                    "name": "Gert de Pagter",
                    "email": "BackEndTea@gmail.com"
                },
                {
                    "name": "Symfony Community",
                    "homepage": "https://symfony.com/contributors"
                }
            ],
            "description": "Symfony polyfill for ctype functions",
            "homepage": "https://symfony.com",
            "keywords": [
                "compatibility",
                "ctype",
                "polyfill",
                "portable"
            ],
            "support": {
                "source": "https://github.com/symfony/polyfill-ctype/tree/v1.37.0"
            },
            "funding": [
                {
                    "url": "https://symfony.com/sponsor",
                    "type": "custom"
                },
                {
                    "url": "https://github.com/fabpot",
                    "type": "github"
                },
                {
                    "url": "https://github.com/nicolas-grekas",
                    "type": "github"
                },
                {
                    "url": "https://tidelift.com/funding/github/packagist/symfony/symfony",
                    "type": "tidelift"
                }
            ],
            "time": "2026-04-10T16:19:22+00:00"
        },
        {
            "name": "symfony/polyfill-mbstring",
            "version": "v1.43.0",
            "source": {
                "type": "git",
                "url": "https://github.com/symfony/polyfill-mbstring.git",
                "reference": "4d5d331bf731e0aedbc6b2f5e61135b7b7996a72"
            },
            "dist": {
                "type": "zip",
                "url": "https://api.github.com/repos/symfony/polyfill-mbstring/zipball/4d5d331bf731e0aedbc6b2f5e61135b7b7996a72",
                "reference": "4d5d331bf731e0aedbc6b2f5e61135b7b7996a72",
                "shasum": ""
            },
            "require": {
                "ext-iconv": "*",
                "php": ">=7.2"
            },
            "provide": {
                "ext-mbstring": "*"
            },
            "suggest": {
                "ext-mbstring": "For best performance"
            },
            "type": "library",
            "extra": {
                "thanks": {
                    "url": "https://github.com/symfony/polyfill",
                    "name": "symfony/polyfill"
                }
            },
            "autoload": {
                "files": [
                    "bootstrap.php"
                ],
                "psr-4": {
                    "Symfony\\Polyfill\\Mbstring\\": ""
                }
            },
            "notification-url": "https://packagist.org/downloads/",
            "license": [
                "MIT"
            ],
            "authors": [
                {
                    "name": "Nicolas Grekas",
                    "email": "p@tchwork.com"
                },
                {
                    "name": "Symfony Community",
                    "homepage": "https://symfony.com/contributors"
                }
            ],
            "description": "Symfony polyfill for the Mbstring extension",
            "homepage": "https://symfony.com",
            "keywords": [
                "compatibility",
                "mbstring",
                "polyfill",
                "portable",
                "shim"
            ],
            "support": {
                "source": "https://github.com/symfony/polyfill-mbstring/tree/v1.43.0"
            },
            "funding": [
                {
                    "url": "https://symfony.com/sponsor",
                    "type": "custom"
                },
                {
                    "url": "https://github.com/fabpot",
                    "type": "github"
                },
                {
                    "url": "https://github.com/nicolas-grekas",
                    "type": "github"
                },
                {
                    "url": "https://tidelift.com/funding/github/packagist/symfony/symfony",
                    "type": "tidelift"
                }
            ],
            "time": "2026-09-24T15:19:04+00:00"
        },
        {
            "name": "symfony/polyfill-php80",
            "version": "v1.43.0",
            "source": {
                "type": "git",
                "url": "https://github.com/symfony/polyfill-php80.git",
                "reference": "9c6a5d6b01ca51d486c813e9a9c0ed55f208bb74"
            },
            "dist": {
                "type": "zip",
                "url": "https://api.github.com/repos/symfony/polyfill-php80/zipball/9c6a5d6b01ca51d486c813e9a9c0ed55f208bb74",
                "reference": "9c6a5d6b01ca51d486c813e9a9c0ed55f208bb74",
                "shasum": ""
            },
            "require": {
                "php": ">=7.2"
            },
            "type": "library",
            "extra": {
                "thanks": {
                    "url": "https://github.com/symfony/polyfill",
                    "name": "symfony/polyfill"
                }
            },
            "autoload": {
                "files": [
                    "bootstrap.php"
                ],
                "psr-4": {
                    "Symfony\\Polyfill\\Php80\\": ""
                },
                "classmap": [
                    "Resources/stubs"
                ]
            },
            "notification-url": "https://packagist.org/downloads/",
            "license": [
                "MIT"
            ],
            "authors": [
                {
                    "name": "Ion Bazan",
                    "email": "ion.bazan@gmail.com"
                },
                {
                    "name": "Nicolas Grekas",
                    "email": "p@tchwork.com"
                },
                {
                    "name": "Symfony Community",
                    "homepage": "https://symfony.com/contributors"
                }
            ],
            "description": "Symfony polyfill backporting some PHP 8.0+ features to lower PHP versions",
            "homepage": "https://symfony.com",
            "keywords": [
                "compatibility",
                "polyfill",
                "portable",
                "shim"
            ],
            "support": {
                "source": "https://github.com/symfony/polyfill-php80/tree/v1.43.0"
            },
            "funding": [
                {
                    "url": "https://symfony.com/sponsor",
                    "type": "custom"
                },
                {
                    "url": "https://github.com/fabpot",
                    "type": "github"
                },
                {
                    "url": "https://github.com/nicolas-grekas",
                    "type": "github"
                },
                {
                    "url": "https://tidelift.com/funding/github/packagist/symfony/symfony",
                    "type": "tidelift"
                }
            ],
            "time": "2026-09-25T15:50:05+00:00"
        },
        {
            "name": "vlucas/phpdotenv",
            "version": "v5.7.0",
            "source": {
                "type": "git",
                "url": "https://github.com/vlucas/phpdotenv.git",
                "reference": "301c07936b16d88628b126b01d082ba153cf4c40"
            },
            "dist": {
                "type": "zip",
                "url": "https://api.github.com/repos/vlucas/phpdotenv/zipball/301c07936b16d88628b126b01d082ba153cf4c40",
                "reference": "301c07936b16d88628b126b01d082ba153cf4c40",
                "shasum": ""
            },
            "require": {
                "ext-pcre": "*",
                "graham-campbell/result-type": "^1.2",
                "php": "^7.2.5 || ^8.0",
                "phpoption/phpoption": "^1.10",
                "symfony/polyfill-ctype": "^1.26",
                "symfony/polyfill-mbstring": "^1.26",
                "symfony/polyfill-php80": "^1.26"
            },
            "require-dev": {
                "bamarni/composer-bin-plugin": "^1.8.2",
                "ext-filter": "*",
                "phpunit/phpunit": "^8.5.34 || ^9.6.13 || ^10.4.2"
            },
            "suggest": {
                "ext-filter": "Required to use the boolean validator."
            },
            "type": "library",
            "extra": {
                "bamarni-bin": {
                    "bin-links": true,
                    "forward-command": false
                },
                "branch-alias": {
                    "dev-master": "5.6-dev"
                }
            },
            "autoload": {
                "psr-4": {
                    "Dotenv\\": "src/"
                }
            },
            "notification-url": "https://packagist.org/downloads/",
            "license": [
                "BSD-3-Clause"
            ],
            "authors": [
                {
                    "name": "Graham Campbell",
                    "email": "hello@gjcampbell.co.uk",
                    "homepage": "https://github.com/GrahamCampbell"
                },
                {
                    "name": "Vance Lucas",
                    "email": "vance@vancelucas.com",
                    "homepage": "https://github.com/vlucas"
                }
            ],
            "description": "Loads environment variables from `.env` to `$_ENV` and `$_SERVER` automagically, and optionally to `getenv()`.",
            "keywords": [
                "dotenv",
                "env",
                "environment"
            ],
            "support": {
                "issues": "https://github.com/vlucas/phpdotenv/issues",
                "source": "https://github.com/vlucas/phpdotenv/tree/v5.7.0"
            },
            "funding": [
                {
                    "url": "https://github.com/GrahamCampbell",
                    "type": "github"
                },
                {
                    "url": "https://tidelift.com/funding/github/packagist/vlucas/phpdotenv",
                    "type": "tidelift"
                }
            ],
            "time": "2026-08-24T18:07:49+00:00"
        },
        {
            "name": "yoomoney/yookassa-sdk-php",
            "version": "3.15.1",
            "source": {
                "type": "git",
                "url": "https://git.yoomoney.ru/scm/sdk/yookassa-sdk-php.git",
                "reference": "70069f008a90b4ae6c5a8a9ff767c202b5855884"
            },
            "dist": {
                "type": "zip",
                "url": "https://git.yoomoney.ru/rest/api/latest/projects/SDK/repos/yookassa-sdk-php/archive?at=refs%2Ftags%2F3.15.1&format=zip",
                "reference": "70069f008a90b4ae6c5a8a9ff767c202b5855884"
            },
            "require": {
                "ext-curl": "*",
                "ext-json": "*",
                "ext-mbstring": "*",
                "php": ">=8.0",
                "php-ds/php-ds": "^1.4",
                "psr/log": "^2.0 || ^3.0",
                "yoomoney/yookassa-sdk-validator": "^1.0"
            },
            "require-dev": {
                "ext-xml": "*",
                "friendsofphp/php-cs-fixer": "^3.15",
                "mockery/mockery": "^1.5",
                "php-parallel-lint/php-parallel-lint": "^1.3",
                "phpmd/phpmd": "^2.13",
                "phpstan/phpstan": "^1.10",
                "phpunit/phpunit": "^9.6",
                "yoomoney/yookassa-fakerphp": "^1.0"
            },
            "type": "library",
            "autoload": {
                "psr-4": {
                    "YooKassa\\": "lib/"
                }
            },
            "notification-url": "https://packagist.org/downloads/",
            "license": [
                "MIT"
            ],
            "authors": [
                {
                    "name": "YooMoney",
                    "email": "cms@yoomoney.ru"
                }
            ],
            "description": "This is a developer tool for integration with YooMoney.",
            "homepage": "https://yookassa.ru/developers/api",
            "keywords": [
                "api",
                "payments",
                "sdk",
                "yookassa",
                "yoomoney"
            ],
            "time": "2026-08-13T13:15:46+00:00"
        },
        {
            "name": "yoomoney/yookassa-sdk-validator",
            "version": "1.1.0",
            "source": {
                "type": "git",
                "url": "https://git.yoomoney.ru/scm/sdk/yookassa-sdk-validator-php.git",
                "reference": "e3cb397d77613a0c98ae185de6b2dd493d980536"
            },
            "dist": {
                "type": "zip",
                "url": "https://git.yoomoney.ru/rest/api/latest/projects/SDK/repos/yookassa-sdk-validator-php/archive?at=refs%2Ftags%2F1.1.0&format=zip",
                "reference": "e3cb397d77613a0c98ae185de6b2dd493d980536"
            },
            "require": {
                "ext-mbstring": "*",
                "php": ">=8.0.0"
            },
            "require-dev": {
                "ext-xml": "*",
                "phpunit/phpunit": "^9.6"
            },
            "type": "library",
            "autoload": {
                "psr-4": {
                    "YooKassa\\Validator\\": "src/"
                }
            },
            "notification-url": "https://packagist.org/downloads/",
            "license": [
                "MIT"
            ],
            "authors": [
                {
                    "name": "YooMoney",
                    "email": "cms@yoomoney.ru"
                }
            ],
            "description": "This is a developer tool for validating with YooMoney.",
            "time": "2026-02-02T10:19:27+00:00"
        }
    ],
    "packages-dev": [],
    "aliases": [],
    "minimum-stability": "stable",
    "stability-flags": {},
    "prefer-stable": false,
    "prefer-lowest": false,
    "platform": {
        "php": ">=7.4",
        "ext-pdo": "*",
        "ext-json": "*"
    },
    "platform-dev": {},
    "plugin-api-version": "2.6.0"
}
